PODS:
  - SteviaLayout (4.5.0)

DEPENDENCIES:
  - SteviaLayout (~> 4.5.0)

SPEC REPOS:
  https://github.com/cocoapods/specs.git:
    - SteviaLayout

SPEC CHECKSUMS:
  SteviaLayout: aa64a62810544348c9e328a6521cb9160fa82ec6

PODFILE CHECKSUM: 012674e85460e3a409ec2741555d453e9fc7045c

COCOAPODS: 1.6.1
